<Solution>
  <Folder Name="/Database/" />
  <Project Path="GestionDeConges.API/GestionDeConges.API.AppHost/GestionDeConges.API.AppHost.csproj" />
  <Project Path="GestionDeConges.API/GestionDeConges.API.Server/GestionDeConges.API.Server.csproj" />
  <Project Path="GestionDeConges.core/GestionDeConges.Core.csproj" />
  <Project Path="GestionDeConges.Data/GestionDeConges.Data.csproj" />
  <Project Path="GestionDeConges.Services/GestionDeConges.Services.csproj" />
  <Project Path="GestionDeConges.WPF/GestionDeConges.WPF.csproj" />
</Solution>
